
Microsoft Visual Studio Solution File, Format Version 12.00
# Visual Studio 15
VisualStudioVersion = 15.0.27004.2005
MinimumVisualStudioVersion = 10.0.40219.1
Project("{FAE04EC0-301F-11D3-BF4B-00C04F79EFBC}") = "Ochrona Danych Stenografia", "Ochrona Danych Stenografia\Ochrona Danych Stenografia.csproj", "{48761335-7C1D-41A8-B2ED-BEF35FB18F95}"
EndProject
Project("{2150E333-8FDC-42A3-9474-1A3956D46DE8}") = "Solution Items", "Solution Items", "{48152D9A-41EC-422A-8924-BE2179150312}"
EndProject
Global
	GlobalSection(SolutionConfigurationPlatforms) = preSolution
		Debug|Any CPU = Debug|Any CPU
		Release|Any CPU = Release|Any CPU
	EndGlobalSection
	GlobalSection(ProjectConfigurationPlatforms) = postSolution
		{48761335-7C1D-41A8-B2ED-BEF35FB18F95}.Debug|Any CPU.ActiveCfg = Debug|Any CPU
		{48761335-7C1D-41A8-B2ED-BEF35FB18F95}.Debug|Any CPU.Build.0 = Debug|Any CPU
		{48761335-7C1D-41A8-B2ED-BEF35FB18F95}.Release|Any CPU.ActiveCfg = Release|Any CPU
		{48761335-7C1D-41A8-B2ED-BEF35FB18F95}.Release|Any CPU.Build.0 = Release|Any CPU
	EndGlobalSection
	GlobalSection(SolutionProperties) = preSolution
		HideSolutionNode = FALSE
	EndGlobalSection
	GlobalSection(ExtensibilityGlobals) = postSolution
		SolutionGuid = {D98977D5-C643-48D9-A9A9-1CE2539C6A51}
	EndGlobalSection
EndGlobal
